
Microsoft Visual Studio Solution File, Format Version 12.00
# Visual Studio 15
VisualStudioVersion = 15.0.27004.2009
MinimumVisualStudioVersion = 10.0.40219.1
Project("{2150E333-8FDC-42A3-9474-1A3956D46DE8}") = "Services", "Services", "{81882CB9-A25A-489B-AB24-5FDFF3A34238}"
EndProject
Project("{2150E333-8FDC-42A3-9474-1A3956D46DE8}") = "Common", "Common", "{29E6062C-1B03-4F4B-8A64-08459EEB8069}"
EndProject
Project("{9A19103F-16F7-4668-BE54-9A1E7A4F7556}") = "MemoryVault.Common.Types", "MemoryVault.Common.Types\MemoryVault.Common.Types.csproj", "{9BD0DA1B-378C-442A-839E-6D4756438F0F}"
EndProject
Project("{9A19103F-16F7-4668-BE54-9A1E7A4F7556}") = "MemoryVault.Common.Utils", "MemoryVault.Common.Utils\MemoryVault.Common.Utils.csproj", "{145FD837-FEAB-4836-8D1E-E5FC57622525}"
EndProject
Project("{9A19103F-16F7-4668-BE54-9A1E7A4F7556}") = "MemoryVault.Manager.UI", "MemoryVault.Manager.UI\MemoryVault.Manager.UI.csproj", "{E083F24A-EF46-412E-AECA-CCCA397712CD}"
EndProject
Project("{9A19103F-16F7-4668-BE54-9A1E7A4F7556}") = "MemoryVault.Manager.SI", "MemoryVault.Manager.SI\MemoryVault.Manager.SI.csproj", "{FE58D9ED-8237-4795-84BA-5A86F1F01BBF}"
EndProject
Project("{9A19103F-16F7-4668-BE54-9A1E7A4F7556}") = "MemoryVault.Worker.SI", "MemoryVault.Worker.SI\MemoryVault.Worker.SI.csproj", "{161FFB61-00BF-4CE2-888E-CD755BCDEBB2}"
EndProject
Project("{9A19103F-16F7-4668-BE54-9A1E7A4F7556}") = "MemoryVault.Queue.RabbitMQ", "MemoryVault.Queue.RabbitMQ\MemoryVault.Queue.RabbitMQ.csproj", "{3426C302-CD95-4166-A2A8-717899524675}"
EndProject
Project("{2150E333-8FDC-42A3-9474-1A3956D46DE8}") = "DockerCompose", "DockerCompose", "{BA4DA389-0413-4014-9A84-3E009D60729D}"
	ProjectSection(SolutionItems) = preProject
		docker-compose-development.yml = docker-compose-development.yml
		MemoryVault.Manager.UI.dockerfile = MemoryVault.Manager.UI.dockerfile
		MemoryVault.Worker.SI.dockerfile = MemoryVault.Worker.SI.dockerfile
	EndProjectSection
EndProject
Global
	GlobalSection(SolutionConfigurationPlatforms) = preSolution
		Debug|Any CPU = Debug|Any CPU
		Release|Any CPU = Release|Any CPU
	EndGlobalSection
	GlobalSection(ProjectConfigurationPlatforms) = postSolution
		{9BD0DA1B-378C-442A-839E-6D4756438F0F}.Debug|Any CPU.ActiveCfg = Debug|Any CPU
		{9BD0DA1B-378C-442A-839E-6D4756438F0F}.Debug|Any CPU.Build.0 = Debug|Any CPU
		{9BD0DA1B-378C-442A-839E-6D4756438F0F}.Release|Any CPU.ActiveCfg = Release|Any CPU
		{9BD0DA1B-378C-442A-839E-6D4756438F0F}.Release|Any CPU.Build.0 = Release|Any CPU
		{145FD837-FEAB-4836-8D1E-E5FC57622525}.Debug|Any CPU.ActiveCfg = Debug|Any CPU
		{145FD837-FEAB-4836-8D1E-E5FC57622525}.Debug|Any CPU.Build.0 = Debug|Any CPU
		{145FD837-FEAB-4836-8D1E-E5FC57622525}.Release|Any CPU.ActiveCfg = Release|Any CPU
		{145FD837-FEAB-4836-8D1E-E5FC57622525}.Release|Any CPU.Build.0 = Release|Any CPU
		{E083F24A-EF46-412E-AECA-CCCA397712CD}.Debug|Any CPU.ActiveCfg = Debug|Any CPU
		{E083F24A-EF46-412E-AECA-CCCA397712CD}.Debug|Any CPU.Build.0 = Debug|Any CPU
		{E083F24A-EF46-412E-AECA-CCCA397712CD}.Release|Any CPU.ActiveCfg = Release|Any CPU
		{E083F24A-EF46-412E-AECA-CCCA397712CD}.Release|Any CPU.Build.0 = Release|Any CPU
		{FE58D9ED-8237-4795-84BA-5A86F1F01BBF}.Debug|Any CPU.ActiveCfg = Debug|Any CPU
		{FE58D9ED-8237-4795-84BA-5A86F1F01BBF}.Debug|Any CPU.Build.0 = Debug|Any CPU
		{FE58D9ED-8237-4795-84BA-5A86F1F01BBF}.Release|Any CPU.ActiveCfg = Release|Any CPU
		{FE58D9ED-8237-4795-84BA-5A86F1F01BBF}.Release|Any CPU.Build.0 = Release|Any CPU
		{161FFB61-00BF-4CE2-888E-CD755BCDEBB2}.Debug|Any CPU.ActiveCfg = Debug|Any CPU
		{161FFB61-00BF-4CE2-888E-CD755BCDEBB2}.Debug|Any CPU.Build.0 = Debug|Any CPU
		{161FFB61-00BF-4CE2-888E-CD755BCDEBB2}.Release|Any CPU.ActiveCfg = Release|Any CPU
		{161FFB61-00BF-4CE2-888E-CD755BCDEBB2}.Release|Any CPU.Build.0 = Release|Any CPU
		{3426C302-CD95-4166-A2A8-717899524675}.Debug|Any CPU.ActiveCfg = Debug|Any CPU
		{3426C302-CD95-4166-A2A8-717899524675}.Debug|Any CPU.Build.0 = Debug|Any CPU
		{3426C302-CD95-4166-A2A8-717899524675}.Release|Any CPU.ActiveCfg = Release|Any CPU
		{3426C302-CD95-4166-A2A8-717899524675}.Release|Any CPU.Build.0 = Release|Any CPU
	EndGlobalSection
	GlobalSection(SolutionProperties) = preSolution
		HideSolutionNode = FALSE
	EndGlobalSection
	GlobalSection(NestedProjects) = preSolution
		{9BD0DA1B-378C-442A-839E-6D4756438F0F} = {29E6062C-1B03-4F4B-8A64-08459EEB8069}
		{145FD837-FEAB-4836-8D1E-E5FC57622525} = {29E6062C-1B03-4F4B-8A64-08459EEB8069}
		{E083F24A-EF46-412E-AECA-CCCA397712CD} = {81882CB9-A25A-489B-AB24-5FDFF3A34238}
		{FE58D9ED-8237-4795-84BA-5A86F1F01BBF} = {81882CB9-A25A-489B-AB24-5FDFF3A34238}
		{161FFB61-00BF-4CE2-888E-CD755BCDEBB2} = {81882CB9-A25A-489B-AB24-5FDFF3A34238}
		{3426C302-CD95-4166-A2A8-717899524675} = {29E6062C-1B03-4F4B-8A64-08459EEB8069}
	EndGlobalSection
	GlobalSection(ExtensibilityGlobals) = postSolution
		SolutionGuid = {79CD690F-3845-4218-9EF0-3833B90FC25D}
	EndGlobalSection
EndGlobal
